
Microsoft Visual Studio Solution File, Format Version 12.00
# Visual Studio Version 16
VisualStudioVersion = 16.0.31105.61
MinimumVisualStudioVersion = 10.0.40219.1
Project("{FAE04EC0-301F-11D3-BF4B-00C04F79EFBC}") = "CZLWebApp", "WebApplication1\CZLWebApp.csproj", "{1B45D9D6-CA4E-4B04-AFA8-716EBD79474A}"
EndProject
Project("{FAE04EC0-301F-11D3-BF4B-00C04F79EFBC}") = "DataLibrary", "DataLibrary\DataLibrary.csproj", "{954684EC-CC6E-4DDF-9C61-C8B709121C84}"
EndProject
Project("{00D1A9C2-B5F0-4AF3-8072-F6C62B433612}") = "myDatabases", "mvcDB\myDatabases.sqlproj", "{4FB6BD9E-1A01-4D4D-99F0-03933BE2FB53}"
EndProject
Global
	GlobalSection(SolutionConfigurationPlatforms) = preSolution
		Debug|Any CPU = Debug|Any CPU
		Release|Any CPU = Release|Any CPU
	EndGlobalSection
	GlobalSection(ProjectConfigurationPlatforms) = postSolution
		{1B45D9D6-CA4E-4B04-AFA8-716EBD79474A}.Debug|Any CPU.ActiveCfg = Debug|Any CPU
		{1B45D9D6-CA4E-4B04-AFA8-716EBD79474A}.Debug|Any CPU.Build.0 = Debug|Any CPU
		{1B45D9D6-CA4E-4B04-AFA8-716EBD79474A}.Release|Any CPU.ActiveCfg = Release|Any CPU
		{1B45D9D6-CA4E-4B04-AFA8-716EBD79474A}.Release|Any CPU.Build.0 = Release|Any CPU
		{954684EC-CC6E-4DDF-9C61-C8B709121C84}.Debug|Any CPU.ActiveCfg = Debug|Any CPU
		{954684EC-CC6E-4DDF-9C61-C8B709121C84}.Debug|Any CPU.Build.0 = Debug|Any CPU
		{954684EC-CC6E-4DDF-9C61-C8B709121C84}.Release|Any CPU.ActiveCfg = Release|Any CPU
		{954684EC-CC6E-4DDF-9C61-C8B709121C84}.Release|Any CPU.Build.0 = Release|Any CPU
		{4FB6BD9E-1A01-4D4D-99F0-03933BE2FB53}.Debug|Any CPU.ActiveCfg = Debug|Any CPU
		{4FB6BD9E-1A01-4D4D-99F0-03933BE2FB53}.Debug|Any CPU.Build.0 = Debug|Any CPU
		{4FB6BD9E-1A01-4D4D-99F0-03933BE2FB53}.Debug|Any CPU.Deploy.0 = Debug|Any CPU
		{4FB6BD9E-1A01-4D4D-99F0-03933BE2FB53}.Release|Any CPU.ActiveCfg = Release|Any CPU
		{4FB6BD9E-1A01-4D4D-99F0-03933BE2FB53}.Release|Any CPU.Build.0 = Release|Any CPU
		{4FB6BD9E-1A01-4D4D-99F0-03933BE2FB53}.Release|Any CPU.Deploy.0 = Release|Any CPU
	EndGlobalSection
	GlobalSection(SolutionProperties) = preSolution
		HideSolutionNode = FALSE
	EndGlobalSection
	GlobalSection(ExtensibilityGlobals) = postSolution
		SolutionGuid = {71A1093B-DAAA-4AA0-B15E-8184BD8E8F90}
	EndGlobalSection
EndGlobal
